
Microsoft Visual Studio Solution File, Format Version 12.00
# Visual Studio Version 17
VisualStudioVersion = 17.7.34221.43
MinimumVisualStudioVersion = 10.0.40219.1
Project("{FAE04EC0-301F-11D3-BF4B-00C04F79EFBC}") = "RhylenG5", "RhylenG5\RhylenG5.csproj", "{FA531AF4-17AD-46AD-B5D5-7E78E35D174B}"
EndProject
Global
	GlobalSection(SolutionConfigurationPlatforms) = preSolution
		Debug|Any CPU = Debug|Any CPU
		Release|Any CPU = Release|Any CPU
	EndGlobalSection
	GlobalSection(ProjectConfigurationPlatforms) = postSolution
		{FA531AF4-17AD-46AD-B5D5-7E78E35D174B}.Debug|Any CPU.ActiveCfg = Debug|Any CPU
		{FA531AF4-17AD-46AD-B5D5-7E78E35D174B}.Debug|Any CPU.Build.0 = Debug|Any CPU
		{FA531AF4-17AD-46AD-B5D5-7E78E35D174B}.Release|Any CPU.ActiveCfg = Release|Any CPU
		{FA531AF4-17AD-46AD-B5D5-7E78E35D174B}.Release|Any CPU.Build.0 = Release|Any CPU
	EndGlobalSection
	GlobalSection(SolutionProperties) = preSolution
		HideSolutionNode = FALSE
	EndGlobalSection
	GlobalSection(ExtensibilityGlobals) = postSolution
		SolutionGuid = {923BBC72-EC75-4D16-9945-44896CD3F4BB}
	EndGlobalSection
EndGlobal
